
Microsoft Visual Studio Solution File, Format Version 12.00
# Visual Studio 15
VisualStudioVersion = 15.0.27428.2037
MinimumVisualStudioVersion = 10.0.40219.1
Project("{FAE04EC0-301F-11D3-BF4B-00C04F79EFBC}") = "Website", "Website\Website.csproj", "{6AA7CD2A-6268-42B5-BC19-3B02BE14CA3C}"
EndProject
Project("{9A19103F-16F7-4668-BE54-9A1E7A4F7556}") = "Poetry.UI.EmbeddedResourceSupport.Tests", "Poetry.UI.EmbeddedResourceSupport.Tests\Poetry.UI.EmbeddedResourceSupport.Tests.csproj", "{4103D088-8E12-4C1F-B0B5-3C4A19CDA174}"
EndProject
Project("{9A19103F-16F7-4668-BE54-9A1E7A4F7556}") = "Poetry.UI.EmbeddedResourceSupport", "Poetry.UI.EmbeddedResourceSupport\Poetry.UI.EmbeddedResourceSupport.csproj", "{A1AFBDDC-D9C5-4203-BAE0-3E2E895273AF}"
EndProject
Project("{9A19103F-16F7-4668-BE54-9A1E7A4F7556}") = "Poetry.UI.FormSupport", "Poetry.UI.FormSupport\Poetry.UI.FormSupport.csproj", "{4EE13429-3E83-41C7-95E4-68810DD85097}"
EndProject
Project("{9A19103F-16F7-4668-BE54-9A1E7A4F7556}") = "Poetry.UI.TranslationSupport", "Poetry.UI.TranslationSupport\Poetry.UI.TranslationSupport.csproj", "{30A9C384-8B5F-4755-A8BA-5FC9F5873ACB}"
EndProject
Project("{9A19103F-16F7-4668-BE54-9A1E7A4F7556}") = "Poetry.UI.TranslationSupport.Tests", "Poetry.UI.TranslationSupport.Tests\Poetry.UI.TranslationSupport.Tests.csproj", "{26670E31-3048-43E1-A46B-A918E5FD7795}"
EndProject
Project("{9A19103F-16F7-4668-BE54-9A1E7A4F7556}") = "Poetry.UI.FileSupport", "Poetry.UI.FileSupport\Poetry.UI.FileSupport.csproj", "{49A3F99C-AAA3-42E0-85BD-F6999BE6A96E}"
EndProject
Project("{FAE04EC0-301F-11D3-BF4B-00C04F79EFBC}") = "Poetry.UI.AspNet", "Poetry.UI.AspNet\Poetry.UI.AspNet.csproj", "{8C4CDA01-AB43-4A11-BE8D-778BAD23AFF8}"
EndProject
Project("{9A19103F-16F7-4668-BE54-9A1E7A4F7556}") = "Poetry.UI.AppSupport", "Poetry.UI.AppSupport\Poetry.UI.AppSupport.csproj", "{D3A76A0C-5985-4480-B229-CB84FAD94C68}"
EndProject
Project("{9A19103F-16F7-4668-BE54-9A1E7A4F7556}") = "Poetry.UI.RoutingSupport", "Poetry.UI.RoutingSupport\Poetry.UI.RoutingSupport.csproj", "{41A3EA23-B08E-4ECA-A4DE-EC8DF911A247}"
EndProject
Project("{9A19103F-16F7-4668-BE54-9A1E7A4F7556}") = "Poetry.UI.ComponentSupport", "Poetry.UI.ComponentSupport\Poetry.UI.ComponentSupport.csproj", "{1C6120F8-E239-4F58-A292-618825632345}"
EndProject
Project("{9A19103F-16F7-4668-BE54-9A1E7A4F7556}") = "Poetry.UI.ControllerSupport", "Poetry.UI.ControllerSupport\Poetry.UI.ControllerSupport.csproj", "{EC09A7E2-9B9E-40F9-B55F-E33B25BDD9D4}"
EndProject
Project("{9A19103F-16F7-4668-BE54-9A1E7A4F7556}") = "Poetry.UI.RoutingSupport.Tests", "Poetry.UI.RoutingSupport.Tests\Poetry.UI.RoutingSupport.Tests.csproj", "{E0C17335-C372-4B01-B509-8158BC2271F6}"
EndProject
Project("{9A19103F-16F7-4668-BE54-9A1E7A4F7556}") = "Poetry.UI.ComponentSupport.Tests", "Poetry.UI.ComponentSupport.Tests\Poetry.UI.ComponentSupport.Tests.csproj", "{EF278500-B937-4ABB-8B4C-97D254C0C9B5}"
EndProject
Project("{9A19103F-16F7-4668-BE54-9A1E7A4F7556}") = "Poetry.UI.PortalSupport", "Poetry.UI.PortalSupport\Poetry.UI.PortalSupport.csproj", "{777956A1-CBF7-47BD-8EAA-616E71F9503F}"
EndProject
Project("{9A19103F-16F7-4668-BE54-9A1E7A4F7556}") = "Poetry.UI.ScriptSupport", "Poetry.UI.ScriptSupport\Poetry.UI.ScriptSupport.csproj", "{5DBF47E9-B32F-404E-9247-9F947762287B}"
EndProject
Project("{9A19103F-16F7-4668-BE54-9A1E7A4F7556}") = "Poetry.UI.StyleSupport", "Poetry.UI.StyleSupport\Poetry.UI.StyleSupport.csproj", "{76F32798-95AE-49A4-9233-64F4BDADF82E}"
EndProject
Project("{9A19103F-16F7-4668-BE54-9A1E7A4F7556}") = "Poetry.UI.ControllerSupport.Tests", "Poetry.UI.ControllerSupport.Tests\Poetry.UI.ControllerSupport.Tests.csproj", "{B5A8B98F-08F3-4974-97E9-E5FEB6CAD74B}"
EndProject
Project("{9A19103F-16F7-4668-BE54-9A1E7A4F7556}") = "Poetry.UI.FormSupport.Tests", "Poetry.UI.FormSupport.Tests\Poetry.UI.FormSupport.Tests.csproj", "{61D650D0-5BBC-4B28-9549-8CB1BFA73144}"
EndProject
Project("{9A19103F-16F7-4668-BE54-9A1E7A4F7556}") = "Poetry.UI.DataTableSupport", "Poetry.UI.DataTableSupport\Poetry.UI.DataTableSupport.csproj", "{614BECA8-F319-428B-AD6A-03A3CED13AA3}"
EndProject
Project("{9A19103F-16F7-4668-BE54-9A1E7A4F7556}") = "Poetry.UI.ScriptSupport.Tests", "Poetry.UI.ScriptSupport.Tests\Poetry.UI.ScriptSupport.Tests.csproj", "{0F2C42A1-931D-4E41-A06B-9629AE5DCD2C}"
EndProject
Project("{9A19103F-16F7-4668-BE54-9A1E7A4F7556}") = "Poetry.UI.StyleSupport.Tests", "Poetry.UI.StyleSupport.Tests\Poetry.UI.StyleSupport.Tests.csproj", "{4F4EACFA-406B-4720-91BF-D5AEA7ADEB56}"
EndProject
Project("{FAE04EC0-301F-11D3-BF4B-00C04F79EFBC}") = "Poetry.UI.DependencyInjectionSupport", "Poetry.UI.DependencyInjectionSupport\Poetry.UI.DependencyInjectionSupport.csproj", "{21537C52-3FA2-48FC-81A8-30033EDB28C9}"
EndProject
Project("{FAE04EC0-301F-11D3-BF4B-00C04F79EFBC}") = "Poetry.UI.DataTableSupport.Tests", "Poetry.UI.DataTableSupport.Tests\Poetry.UI.DataTableSupport.Tests.csproj", "{EB922566-4656-4D16-A5AD-9BB696C62D54}"
EndProject
Global
	GlobalSection(SolutionConfigurationPlatforms) = preSolution
		Debug|Any CPU = Debug|Any CPU
		Release|Any CPU = Release|Any CPU
	EndGlobalSection
	GlobalSection(ProjectConfigurationPlatforms) = postSolution
		{6AA7CD2A-6268-42B5-BC19-3B02BE14CA3C}.Debug|Any CPU.ActiveCfg = Debug|Any CPU
		{6AA7CD2A-6268-42B5-BC19-3B02BE14CA3C}.Debug|Any CPU.Build.0 = Debug|Any CPU
		{6AA7CD2A-6268-42B5-BC19-3B02BE14CA3C}.Release|Any CPU.ActiveCfg = Release|Any CPU
		{6AA7CD2A-6268-42B5-BC19-3B02BE14CA3C}.Release|Any CPU.Build.0 = Release|Any CPU
		{4103D088-8E12-4C1F-B0B5-3C4A19CDA174}.Debug|Any CPU.ActiveCfg = Debug|Any CPU
		{4103D088-8E12-4C1F-B0B5-3C4A19CDA174}.Debug|Any CPU.Build.0 = Debug|Any CPU
		{4103D088-8E12-4C1F-B0B5-3C4A19CDA174}.Release|Any CPU.ActiveCfg = Release|Any CPU
		{4103D088-8E12-4C1F-B0B5-3C4A19CDA174}.Release|Any CPU.Build.0 = Release|Any CPU
		{A1AFBDDC-D9C5-4203-BAE0-3E2E895273AF}.Debug|Any CPU.ActiveCfg = Debug|Any CPU
		{A1AFBDDC-D9C5-4203-BAE0-3E2E895273AF}.Debug|Any CPU.Build.0 = Debug|Any CPU
		{A1AFBDDC-D9C5-4203-BAE0-3E2E895273AF}.Release|Any CPU.ActiveCfg = Release|Any CPU
		{A1AFBDDC-D9C5-4203-BAE0-3E2E895273AF}.Release|Any CPU.Build.0 = Release|Any CPU
		{4EE13429-3E83-41C7-95E4-68810DD85097}.Debug|Any CPU.ActiveCfg = Debug|Any CPU
		{4EE13429-3E83-41C7-95E4-68810DD85097}.Debug|Any CPU.Build.0 = Debug|Any CPU
		{4EE13429-3E83-41C7-95E4-68810DD85097}.Release|Any CPU.ActiveCfg = Release|Any CPU
		{4EE13429-3E83-41C7-95E4-68810DD85097}.Release|Any CPU.Build.0 = Release|Any CPU
		{30A9C384-8B5F-4755-A8BA-5FC9F5873ACB}.Debug|Any CPU.ActiveCfg = Debug|Any CPU
		{30A9C384-8B5F-4755-A8BA-5FC9F5873ACB}.Debug|Any CPU.Build.0 = Debug|Any CPU
		{30A9C384-8B5F-4755-A8BA-5FC9F5873ACB}.Release|Any CPU.ActiveCfg = Release|Any CPU
		{30A9C384-8B5F-4755-A8BA-5FC9F5873ACB}.Release|Any CPU.Build.0 = Release|Any CPU
		{26670E31-3048-43E1-A46B-A918E5FD7795}.Debug|Any CPU.ActiveCfg = Debug|Any CPU
		{26670E31-3048-43E1-A46B-A918E5FD7795}.Debug|Any CPU.Build.0 = Debug|Any CPU
		{26670E31-3048-43E1-A46B-A918E5FD7795}.Release|Any CPU.ActiveCfg = Release|Any CPU
		{26670E31-3048-43E1-A46B-A918E5FD7795}.Release|Any CPU.Build.0 = Release|Any CPU
		{49A3F99C-AAA3-42E0-85BD-F6999BE6A96E}.Debug|Any CPU.ActiveCfg = Debug|Any CPU
		{49A3F99C-AAA3-42E0-85BD-F6999BE6A96E}.Debug|Any CPU.Build.0 = Debug|Any CPU
		{49A3F99C-AAA3-42E0-85BD-F6999BE6A96E}.Release|Any CPU.ActiveCfg = Release|Any CPU
		{49A3F99C-AAA3-42E0-85BD-F6999BE6A96E}.Release|Any CPU.Build.0 = Release|Any CPU
		{8C4CDA01-AB43-4A11-BE8D-778BAD23AFF8}.Debug|Any CPU.ActiveCfg = Debug|Any CPU
		{8C4CDA01-AB43-4A11-BE8D-778BAD23AFF8}.Debug|Any CPU.Build.0 = Debug|Any CPU
		{8C4CDA01-AB43-4A11-BE8D-778BAD23AFF8}.Release|Any CPU.ActiveCfg = Release|Any CPU
		{8C4CDA01-AB43-4A11-BE8D-778BAD23AFF8}.Release|Any CPU.Build.0 = Release|Any CPU
		{D3A76A0C-5985-4480-B229-CB84FAD94C68}.Debug|Any CPU.ActiveCfg = Debug|Any CPU
		{D3A76A0C-5985-4480-B229-CB84FAD94C68}.Debug|Any CPU.Build.0 = Debug|Any CPU
		{D3A76A0C-5985-4480-B229-CB84FAD94C68}.Release|Any CPU.ActiveCfg = Release|Any CPU
		{D3A76A0C-5985-4480-B229-CB84FAD94C68}.Release|Any CPU.Build.0 = Release|Any CPU
		{41A3EA23-B08E-4ECA-A4DE-EC8DF911A247}.Debug|Any CPU.ActiveCfg = Debug|Any CPU
		{41A3EA23-B08E-4ECA-A4DE-EC8DF911A247}.Debug|Any CPU.Build.0 = Debug|Any CPU
		{41A3EA23-B08E-4ECA-A4DE-EC8DF911A247}.Release|Any CPU.ActiveCfg = Release|Any CPU
		{41A3EA23-B08E-4ECA-A4DE-EC8DF911A247}.Release|Any CPU.Build.0 = Release|Any CPU
		{1C6120F8-E239-4F58-A292-618825632345}.Debug|Any CPU.ActiveCfg = Debug|Any CPU
		{1C6120F8-E239-4F58-A292-618825632345}.Debug|Any CPU.Build.0 = Debug|Any CPU
		{1C6120F8-E239-4F58-A292-618825632345}.Release|Any CPU.ActiveCfg = Release|Any CPU
		{1C6120F8-E239-4F58-A292-618825632345}.Release|Any CPU.Build.0 = Release|Any CPU
		{EC09A7E2-9B9E-40F9-B55F-E33B25BDD9D4}.Debug|Any CPU.ActiveCfg = Debug|Any CPU
		{EC09A7E2-9B9E-40F9-B55F-E33B25BDD9D4}.Debug|Any CPU.Build.0 = Debug|Any CPU
		{EC09A7E2-9B9E-40F9-B55F-E33B25BDD9D4}.Release|Any CPU.ActiveCfg = Release|Any CPU
		{EC09A7E2-9B9E-40F9-B55F-E33B25BDD9D4}.Release|Any CPU.Build.0 = Release|Any CPU
		{E0C17335-C372-4B01-B509-8158BC2271F6}.Debug|Any CPU.ActiveCfg = Debug|Any CPU
		{E0C17335-C372-4B01-B509-8158BC2271F6}.Debug|Any CPU.Build.0 = Debug|Any CPU
		{E0C17335-C372-4B01-B509-8158BC2271F6}.Release|Any CPU.ActiveCfg = Release|Any CPU
		{E0C17335-C372-4B01-B509-8158BC2271F6}.Release|Any CPU.Build.0 = Release|Any CPU
		{EF278500-B937-4ABB-8B4C-97D254C0C9B5}.Debug|Any CPU.ActiveCfg = Debug|Any CPU
		{EF278500-B937-4ABB-8B4C-97D254C0C9B5}.Debug|Any CPU.Build.0 = Debug|Any CPU
		{EF278500-B937-4ABB-8B4C-97D254C0C9B5}.Release|Any CPU.ActiveCfg = Release|Any CPU
		{EF278500-B937-4ABB-8B4C-97D254C0C9B5}.Release|Any CPU.Build.0 = Release|Any CPU
		{777956A1-CBF7-47BD-8EAA-616E71F9503F}.Debug|Any CPU.ActiveCfg = Debug|Any CPU
		{777956A1-CBF7-47BD-8EAA-616E71F9503F}.Debug|Any CPU.Build.0 = Debug|Any CPU
		{777956A1-CBF7-47BD-8EAA-616E71F9503F}.Release|Any CPU.ActiveCfg = Release|Any CPU
		{777956A1-CBF7-47BD-8EAA-616E71F9503F}.Release|Any CPU.Build.0 = Release|Any CPU
		{5DBF47E9-B32F-404E-9247-9F947762287B}.Debug|Any CPU.ActiveCfg = Debug|Any CPU
		{5DBF47E9-B32F-404E-9247-9F947762287B}.Debug|Any CPU.Build.0 = Debug|Any CPU
		{5DBF47E9-B32F-404E-9247-9F947762287B}.Release|Any CPU.ActiveCfg = Release|Any CPU
		{5DBF47E9-B32F-404E-9247-9F947762287B}.Release|Any CPU.Build.0 = Release|Any CPU
		{76F32798-95AE-49A4-9233-64F4BDADF82E}.Debug|Any CPU.ActiveCfg = Debug|Any CPU
		{76F32798-95AE-49A4-9233-64F4BDADF82E}.Debug|Any CPU.Build.0 = Debug|Any CPU
		{76F32798-95AE-49A4-9233-64F4BDADF82E}.Release|Any CPU.ActiveCfg = Release|Any CPU
		{76F32798-95AE-49A4-9233-64F4BDADF82E}.Release|Any CPU.Build.0 = Release|Any CPU
		{B5A8B98F-08F3-4974-97E9-E5FEB6CAD74B}.Debug|Any CPU.ActiveCfg = Debug|Any CPU
		{B5A8B98F-08F3-4974-97E9-E5FEB6CAD74B}.Debug|Any CPU.Build.0 = Debug|Any CPU
		{B5A8B98F-08F3-4974-97E9-E5FEB6CAD74B}.Release|Any CPU.ActiveCfg = Release|Any CPU
		{B5A8B98F-08F3-4974-97E9-E5FEB6CAD74B}.Release|Any CPU.Build.0 = Release|Any CPU
		{61D650D0-5BBC-4B28-9549-8CB1BFA73144}.Debug|Any CPU.ActiveCfg = Debug|Any CPU
		{61D650D0-5BBC-4B28-9549-8CB1BFA73144}.Debug|Any CPU.Build.0 = Debug|Any CPU
		{61D650D0-5BBC-4B28-9549-8CB1BFA73144}.Release|Any CPU.ActiveCfg = Release|Any CPU
		{61D650D0-5BBC-4B28-9549-8CB1BFA73144}.Release|Any CPU.Build.0 = Release|Any CPU
		{614BECA8-F319-428B-AD6A-03A3CED13AA3}.Debug|Any CPU.ActiveCfg = Debug|Any CPU
		{614BECA8-F319-428B-AD6A-03A3CED13AA3}.Debug|Any CPU.Build.0 = Debug|Any CPU
		{614BECA8-F319-428B-AD6A-03A3CED13AA3}.Release|Any CPU.ActiveCfg = Release|Any CPU
		{614BECA8-F319-428B-AD6A-03A3CED13AA3}.Release|Any CPU.Build.0 = Release|Any CPU
		{0F2C42A1-931D-4E41-A06B-9629AE5DCD2C}.Debug|Any CPU.ActiveCfg = Debug|Any CPU
		{0F2C42A1-931D-4E41-A06B-9629AE5DCD2C}.Debug|Any CPU.Build.0 = Debug|Any CPU
		{0F2C42A1-931D-4E41-A06B-9629AE5DCD2C}.Release|Any CPU.ActiveCfg = Release|Any CPU
		{0F2C42A1-931D-4E41-A06B-9629AE5DCD2C}.Release|Any CPU.Build.0 = Release|Any CPU
		{4F4EACFA-406B-4720-91BF-D5AEA7ADEB56}.Debug|Any CPU.ActiveCfg = Debug|Any CPU
		{4F4EACFA-406B-4720-91BF-D5AEA7ADEB56}.Debug|Any CPU.Build.0 = Debug|Any CPU
		{4F4EACFA-406B-4720-91BF-D5AEA7ADEB56}.Release|Any CPU.ActiveCfg = Release|Any CPU
		{4F4EACFA-406B-4720-91BF-D5AEA7ADEB56}.Release|Any CPU.Build.0 = Release|Any CPU
		{21537C52-3FA2-48FC-81A8-30033EDB28C9}.Debug|Any CPU.ActiveCfg = Debug|Any CPU
		{21537C52-3FA2-48FC-81A8-30033EDB28C9}.Debug|Any CPU.Build.0 = Debug|Any CPU
		{21537C52-3FA2-48FC-81A8-30033EDB28C9}.Release|Any CPU.ActiveCfg = Release|Any CPU
		{21537C52-3FA2-48FC-81A8-30033EDB28C9}.Release|Any CPU.Build.0 = Release|Any CPU
		{EB922566-4656-4D16-A5AD-9BB696C62D54}.Debug|Any CPU.ActiveCfg = Debug|Any CPU
		{EB922566-4656-4D16-A5AD-9BB696C62D54}.Debug|Any CPU.Build.0 = Debug|Any CPU
		{EB922566-4656-4D16-A5AD-9BB696C62D54}.Release|Any CPU.ActiveCfg = Release|Any CPU
		{EB922566-4656-4D16-A5AD-9BB696C62D54}.Release|Any CPU.Build.0 = Release|Any CPU
	EndGlobalSection
	GlobalSection(SolutionProperties) = preSolution
		HideSolutionNode = FALSE
	EndGlobalSection
	GlobalSection(ExtensibilityGlobals) = postSolution
		SolutionGuid = {08B7D792-D2DC-4604-83C0-FB1FB728A573}
	EndGlobalSection
EndGlobal
